
Microsoft Visual Studio Solution File, Format Version 12.00
# Visual Studio Version 17
VisualStudioVersion = 17.3.32929.385
MinimumVisualStudioVersion = 10.0.40219.1
Project("{FAE04EC0-301F-11D3-BF4B-00C04F79EFBC}") = "BarTargu", "BarTargu.csproj", "{951019D8-50D4-49C8-9A8E-0B07F324603F}"
EndProject
Project("{FAE04EC0-301F-11D3-BF4B-00C04F79EFBC}") = "BarTarguTestProject", "..\UnitTestProject1\BarTarguTestProject.csproj", "{4645CE7C-C75F-4310-80D1-CC0DDD780EE5}"
EndProject
Global
	GlobalSection(SolutionConfigurationPlatforms) = preSolution
		Debug|Any CPU = Debug|Any CPU
		Release|Any CPU = Release|Any CPU
	EndGlobalSection
	GlobalSection(ProjectConfigurationPlatforms) = postSolution
		{951019D8-50D4-49C8-9A8E-0B07F324603F}.Debug|Any CPU.ActiveCfg = Debug|Any CPU
		{951019D8-50D4-49C8-9A8E-0B07F324603F}.Debug|Any CPU.Build.0 = Debug|Any CPU
		{951019D8-50D4-49C8-9A8E-0B07F324603F}.Release|Any CPU.ActiveCfg = Release|Any CPU
		{951019D8-50D4-49C8-9A8E-0B07F324603F}.Release|Any CPU.Build.0 = Release|Any CPU
		{4645CE7C-C75F-4310-80D1-CC0DDD780EE5}.Debug|Any CPU.ActiveCfg = Debug|Any CPU
		{4645CE7C-C75F-4310-80D1-CC0DDD780EE5}.Debug|Any CPU.Build.0 = Debug|Any CPU
		{4645CE7C-C75F-4310-80D1-CC0DDD780EE5}.Release|Any CPU.ActiveCfg = Release|Any CPU
		{4645CE7C-C75F-4310-80D1-CC0DDD780EE5}.Release|Any CPU.Build.0 = Release|Any CPU
	EndGlobalSection
	GlobalSection(SolutionProperties) = preSolution
		HideSolutionNode = FALSE
	EndGlobalSection
	GlobalSection(ExtensibilityGlobals) = postSolution
		SolutionGuid = {14565744-8ED9-421B-880F-BB76E73B26E6}
	EndGlobalSection
EndGlobal
